
Microsoft Visual Studio Solution File, Format Version 12.00
# Visual Studio Version 17
VisualStudioVersion = 17.4.33213.308
MinimumVisualStudioVersion = 10.0.40219.1
Project("{FAE04EC0-301F-11D3-BF4B-00C04F79EFBC}") = "AttackerSite", "AttackerSite\AttackerSite.csproj", "{F27E91C3-D419-4C50-B8D3-899821A81D9C}"
EndProject
Global
	GlobalSection(SolutionConfigurationPlatforms) = preSolution
		Debug|Any CPU = Debug|Any CPU
		Release|Any CPU = Release|Any CPU
	EndGlobalSection
	GlobalSection(ProjectConfigurationPlatforms) = postSolution
		{F27E91C3-D419-4C50-B8D3-899821A81D9C}.Debug|Any CPU.ActiveCfg = Debug|Any CPU
		{F27E91C3-D419-4C50-B8D3-899821A81D9C}.Debug|Any CPU.Build.0 = Debug|Any CPU
		{F27E91C3-D419-4C50-B8D3-899821A81D9C}.Release|Any CPU.ActiveCfg = Release|Any CPU
		{F27E91C3-D419-4C50-B8D3-899821A81D9C}.Release|Any CPU.Build.0 = Release|Any CPU
	EndGlobalSection
	GlobalSection(SolutionProperties) = preSolution
		HideSolutionNode = FALSE
	EndGlobalSection
	GlobalSection(ExtensibilityGlobals) = postSolution
		SolutionGuid = {C0ABDF66-A3FA-497D-902C-40BDF88A8937}
	EndGlobalSection
EndGlobal
